// !$*UTF8*$!
{
	archiveVersion = 1;
	classes = {
	};
	objectVersion = 48;
	objects = {

/* Begin PBXBuildFile section */
		8644B635207D2AB000DEDA81 /* CategoryViewController.swift in Sources */ = {isa = PBXBuildFile; fileRef = 8644B634207D2AB000DEDA81 /* CategoryViewController.swift */; };
		8645717720A229B600BCA30F /* GBTableViewCell.swift in Sources */ = {isa = PBXBuildFile; fileRef = 8645717620A229B600BCA30F /* GBTableViewCell.swift */; };
		8649384C207EC6B60054C471 /* Item.swift in Sources */ = {isa = PBXBuildFile; fileRef = 8649384B207EC6B60054C471 /* Item.swift */; };
		8649384E207EC6C00054C471 /* Category.swift in Sources */ = {isa = PBXBuildFile; fileRef = 8649384D207EC6C00054C471 /* Category.swift */; };
		866256BD20704A0C00E15371 /* AppDelegate.swift in Sources */ = {isa = PBXBuildFile; fileRef = 866256BC20704A0C00E15371 /* AppDelegate.swift */; };
		866256BF20704A0C00E15371 /* TodoListViewController.swift in Sources */ = {isa = PBXBuildFile; fileRef = 866256BE20704A0C00E15371 /* TodoListViewController.swift */; };
		866256C220704A0C00E15371 /* Main.storyboard in Resources */ = {isa = PBXBuildFile; fileRef = 866256C020704A0C00E15371 /* Main.storyboard */; };
		866256C420704A0C00E15371 /* Assets.xcassets in Resources */ = {isa = PBXBuildFile; fileRef = 866256C320704A0C00E15371 /* Assets.xcassets */; };
		866256C720704A0C00E15371 /* LaunchScreen.storyboard in Resources */ = {isa = PBXBuildFile; fileRef = 866256C520704A0C00E15371 /* LaunchScreen.storyboard */; };
		86E60E3C2082C77D00228FE4 /* SwipeTableViewController.swift in Sources */ = {isa = PBXBuildFile; fileRef = 86E60E3B2082C77D00228FE4 /* SwipeTableViewController.swift */; };
		E2EE9642CC8EB4C7B20B641B /* Pods_Todoey.framework in Frameworks */ = {isa = PBXBuildFile; fileRef = 794D51DC479E85EBFC5C80A5 /* Pods_Todoey.framework */; };
/* End PBXBuildFile section */

/* Begin PBXFileReference section */
		757C49824181B204189FB516 /* Pods-Todoey.release.xcconfig */ = {isa = PBXFileReference; includeInIndex = 1; lastKnownFileType = text.xcconfig; name = "Pods-Todoey.release.xcconfig"; path = "Pods/Target Support Files/Pods-Todoey/Pods-Todoey.release.xcconfig"; sourceTree = "<group>"; };
		78FEDA4E252E38B764C2D0B1 /* Pods-Todoey.debug.xcconfig */ = {isa = PBXFileReference; includeInIndex = 1; lastKnownFileType = text.xcconfig; name = "Pods-Todoey.debug.xcconfig"; path = "Pods/Target Support Files/Pods-Todoey/Pods-Todoey.debug.xcconfig"; sourceTree = "<group>"; };
		794D51DC479E85EBFC5C80A5 /* Pods_Todoey.framework */ = {isa = PBXFileReference; explicitFileType = wrapper.framework; includeInIndex = 0; path = Pods_Todoey.framework; sourceTree = BUILT_PRODUCTS_DIR; };
		8644B634207D2AB000DEDA81 /* CategoryViewController.swift */ = {isa = PBXFileReference; lastKnownFileType = sourcecode.swift; path = CategoryViewController.swift; sourceTree = "<group>"; };
		8645717620A229B600BCA30F /* GBTableViewCell.swift */ = {isa = PBXFileReference; lastKnownFileType = sourcecode.swift; name = GBTableViewCell.swift; path = Todoey/Views/GBTableViewCell.swift; sourceTree = SOURCE_ROOT; };
		8649384B207EC6B60054C471 /* Item.swift */ = {isa = PBXFileReference; lastKnownFileType = sourcecode.swift; path = Item.swift; sourceTree = "<group>"; };
		8649384D207EC6C00054C471 /* Category.swift */ = {isa = PBXFileReference; lastKnownFileType = sourcecode.swift; path = Category.swift; sourceTree = "<group>"; };
		866256B920704A0C00E15371 /* Todoey.app */ = {isa = PBXFileReference; explicitFileType = wrapper.application; includeInIndex = 0; path = Todoey.app; sourceTree = BUILT_PRODUCTS_DIR; };
		866256BC20704A0C00E15371 /* AppDelegate.swift */ = {isa = PBXFileReference; lastKnownFileType = sourcecode.swift; path = AppDelegate.swift; sourceTree = "<group>"; };
		866256BE20704A0C00E15371 /* TodoListViewController.swift */ = {isa = PBXFileReference; lastKnownFileType = sourcecode.swift; path = TodoListViewController.swift; sourceTree = "<group>"; };
		866256C120704A0C00E15371 /* Base */ = {isa = PBXFileReference; lastKnownFileType = file.storyboard; name = Base; path = Base.lproj/Main.storyboard; sourceTree = "<group>"; };
		866256C320704A0C00E15371 /* Assets.xcassets */ = {isa = PBXFileReference; lastKnownFileType = folder.assetcatalog; path = Assets.xcassets; sourceTree = "<group>"; };
		866256C620704A0C00E15371 /* Base */ = {isa = PBXFileReference; lastKnownFileType = file.storyboard; name = Base; path = Base.lproj/LaunchScreen.storyboard; sourceTree = "<group>"; };
		866256C820704A0C00E15371 /* Info.plist */ = {isa = PBXFileReference; lastKnownFileType = text.plist.xml; path = Info.plist; sourceTree = "<group>"; };
		86E60E3B2082C77D00228FE4 /* SwipeTableViewController.swift */ = {isa = PBXFileReference; lastKnownFileType = sourcecode.swift; path = SwipeTableViewController.swift; sourceTree = "<group>"; };
/* End PBXFileReference section */

/* Begin PBXFrameworksBuildPhase section */
		866256B620704A0B00E15371 /* Frameworks */ = {
			isa = PBXFrameworksBuildPhase;
			buildActionMask = 2147483647;
			files = (
				E2EE9642CC8EB4C7B20B641B /* Pods_Todoey.framework in Frameworks */,
			);
			runOnlyForDeploymentPostprocessing = 0;
		};
/* End PBXFrameworksBuildPhase section */

/* Begin PBXGroup section */
		2630E7A256FD8C88FAFA4DAE /* Pods */ = {
			isa = PBXGroup;
			children = (
				78FEDA4E252E38B764C2D0B1 /* Pods-Todoey.debug.xcconfig */,
				757C49824181B204189FB516 /* Pods-Todoey.release.xcconfig */,
			);
			name = Pods;
			sourceTree = "<group>";
		};
		3F69313791254B9F274D3F44 /* Frameworks */ = {
			isa = PBXGroup;
			children = (
				794D51DC479E85EBFC5C80A5 /* Pods_Todoey.framework */,
			);
			name = Frameworks;
			sourceTree = "<group>";
		};
		866256B020704A0B00E15371 = {
			isa = PBXGroup;
			children = (
				866256BB20704A0C00E15371 /* Todoey */,
				866256BA20704A0C00E15371 /* Products */,
				2630E7A256FD8C88FAFA4DAE /* Pods */,
				3F69313791254B9F274D3F44 /* Frameworks */,
			);
			sourceTree = "<group>";
		};
		866256BA20704A0C00E15371 /* Products */ = {
			isa = PBXGroup;
			children = (
				866256B920704A0C00E15371 /* Todoey.app */,
			);
			name = Products;
			sourceTree = "<group>";
		};
		866256BB20704A0C00E15371 /* Todoey */ = {
			isa = PBXGroup;
			children = (
				866256BC20704A0C00E15371 /* AppDelegate.swift */,
				86D9986720746D8A00A19C86 /* Controllers */,
				86D9986620746D6000A19C86 /* Data Model */,
				86D9986820746DA100A19C86 /* Views */,
				86D9986920746DB800A19C86 /* Supporting Files */,
				866256C820704A0C00E15371 /* Info.plist */,
			);
			path = Todoey;
			sourceTree = "<group>";
		};
		86D9986620746D6000A19C86 /* Data Model */ = {
			isa = PBXGroup;
			children = (
				8649384D207EC6C00054C471 /* Category.swift */,
				8649384B207EC6B60054C471 /* Item.swift */,
			);
			path = "Data Model";
			sourceTree = "<group>";
		};
		86D9986720746D8A00A19C86 /* Controllers */ = {
			isa = PBXGroup;
			children = (
				8644B634207D2AB000DEDA81 /* CategoryViewController.swift */,
				866256BE20704A0C00E15371 /* TodoListViewController.swift */,
				86E60E3B2082C77D00228FE4 /* SwipeTableViewController.swift */,
				8645717620A229B600BCA30F /* GBTableViewCell.swift */,
			);
			path = Controllers;
			sourceTree = "<group>";
		};
		86D9986820746DA100A19C86 /* Views */ = {
			isa = PBXGroup;
			children = (
				866256C020704A0C00E15371 /* Main.storyboard */,
			);
			path = Views;
			sourceTree = "<group>";
		};
		86D9986920746DB800A19C86 /* Supporting Files */ = {
			isa = PBXGroup;
			children = (
				866256C320704A0C00E15371 /* Assets.xcassets */,
				866256C520704A0C00E15371 /* LaunchScreen.storyboard */,
			);
			path = "Supporting Files";
			sourceTree = "<group>";
		};
/* End PBXGroup section */

/* Begin PBXNativeTarget section */
		866256B820704A0B00E15371 /* Todoey */ = {
			isa = PBXNativeTarget;
			buildConfigurationList = 866256CB20704A0C00E15371 /* Build configuration list for PBXNativeTarget "Todoey" */;
			buildPhases = (
				EC2A4075F335009EEBAAF032 /* [CP] Check Pods Manifest.lock */,
				866256B520704A0B00E15371 /* Sources */,
				866256B620704A0B00E15371 /* Frameworks */,
				866256B720704A0B00E15371 /* Resources */,
				6307523E3471540390DFA299 /* [CP] Embed Pods Frameworks */,
				E27323C0BD9076711ED95768 /* [CP] Copy Pods Resources */,
			);
			buildRules = (
			);
			dependencies = (
			);
			name = Todoey;
			productName = Todoey;
			productReference = 866256B920704A0C00E15371 /* Todoey.app */;
			productType = "com.apple.product-type.application";
		};
/* End PBXNativeTarget section */

/* Begin PBXProject section */
		866256B120704A0B00E15371 /* Project object */ = {
			isa = PBXProject;
			attributes = {
				LastSwiftUpdateCheck = 0910;
				LastUpgradeCheck = 0910;
				ORGANIZATIONNAME = "Gavin Butler";
				TargetAttributes = {
					866256B820704A0B00E15371 = {
						CreatedOnToolsVersion = 9.1;
						ProvisioningStyle = Automatic;
					};
				};
			};
			buildConfigurationList = 866256B420704A0B00E15371 /* Build configuration list for PBXProject "Todoey" */;
			compatibilityVersion = "Xcode 8.0";
			developmentRegion = en;
			hasScannedForEncodings = 0;
			knownRegions = (
				en,
				Base,
			);
			mainGroup = 866256B020704A0B00E15371;
			productRefGroup = 866256BA20704A0C00E15371 /* Products */;
			projectDirPath = "";
			projectRoot = "";
			targets = (
				866256B820704A0B00E15371 /* Todoey */,
			);
		};
/* End PBXProject section */

/* Begin PBXResourcesBuildPhase section */
		866256B720704A0B00E15371 /* Resources */ = {
			isa = PBXResourcesBuildPhase;
			buildActionMask = 2147483647;
			files = (
				866256C720704A0C00E15371 /* LaunchScreen.storyboard in Resources */,
				866256C420704A0C00E15371 /* Assets.xcassets in Resources */,
				866256C220704A0C00E15371 /* Main.storyboard in Resources */,
			);
			runOnlyForDeploymentPostprocessing = 0;
		};
/* End PBXResourcesBuildPhase section */

/* Begin PBXShellScriptBuildPhase section */
		6307523E3471540390DFA299 /* [CP] Embed Pods Frameworks */ = {
			isa = PBXShellScriptBuildPhase;
			buildActionMask = 2147483647;
			files = (
			);
			inputPaths = (
				"${SRCROOT}/Pods/Target Support Files/Pods-Todoey/Pods-Todoey-frameworks.sh",
				"${BUILT_PRODUCTS_DIR}/ChameleonFramework/ChameleonFramework.framework",
				"${BUILT_PRODUCTS_DIR}/Realm/Realm.framework",
				"${BUILT_PRODUCTS_DIR}/RealmSwift/RealmSwift.framework",
			);
			name = "[CP] Embed Pods Frameworks";
			outputPaths = (
				"${TARGET_BUILD_DIR}/${FRAMEWORKS_FOLDER_PATH}/ChameleonFramework.framework",
				"${TARGET_BUILD_DIR}/${FRAMEWORKS_FOLDER_PATH}/Realm.framework",
				"${TARGET_BUILD_DIR}/${FRAMEWORKS_FOLDER_PATH}/RealmSwift.framework",
			);
			runOnlyForDeploymentPostprocessing = 0;
			shellPath = /bin/sh;
			shellScript = "\"${SRCROOT}/Pods/Target Support Files/Pods-Todoey/Pods-Todoey-frameworks.sh\"\n";
			showEnvVarsInLog = 0;
		};
		E27323C0BD9076711ED95768 /* [CP] Copy Pods Resources */ = {
			isa = PBXShellScriptBuildPhase;
			buildActionMask = 2147483647;
			files = (
			);
			inputPaths = (
			);
			name = "[CP] Copy Pods Resources";
			outputPaths = (
			);
			runOnlyForDeploymentPostprocessing = 0;
			shellPath = /bin/sh;
			shellScript = "\"${SRCROOT}/Pods/Target Support Files/Pods-Todoey/Pods-Todoey-resources.sh\"\n";
			showEnvVarsInLog = 0;
		};
		EC2A4075F335009EEBAAF032 /* [CP] Check Pods Manifest.lock */ = {
			isa = PBXShellScriptBuildPhase;
			buildActionMask = 2147483647;
			files = (
			);
			inputPaths = (
				"${PODS_PODFILE_DIR_PATH}/Podfile.lock",
				"${PODS_ROOT}/Manifest.lock",
			);
			name = "[CP] Check Pods Manifest.lock";
			outputPaths = (
				"$(DERIVED_FILE_DIR)/Pods-Todoey-checkManifestLockResult.txt",
			);
			runOnlyForDeploymentPostprocessing = 0;
			shellPath = /bin/sh;
			shellScript = "diff \"${PODS_PODFILE_DIR_PATH}/Podfile.lock\" \"${PODS_ROOT}/Manifest.lock\" > /dev/null\nif [ $? != 0 ] ; then\n    # print error to STDERR\n    echo \"error: The sandbox is not in sync with the Podfile.lock. Run 'pod install' or update your CocoaPods installation.\" >&2\n    exit 1\nfi\n# This output is used by Xcode 'outputs' to avoid re-running this script phase.\necho \"SUCCESS\" > \"${SCRIPT_OUTPUT_FILE_0}\"\n";
			showEnvVarsInLog = 0;
		};
/* End PBXShellScriptBuildPhase section */

/* Begin PBXSourcesBuildPhase section */
		866256B520704A0B00E15371 /* Sources */ = {
			isa = PBXSourcesBuildPhase;
			buildActionMask = 2147483647;
			files = (
				8649384C207EC6B60054C471 /* Item.swift in Sources */,
				8644B635207D2AB000DEDA81 /* CategoryViewController.swift in Sources */,
				866256BF20704A0C00E15371 /* TodoListViewController.swift in Sources */,
				866256BD20704A0C00E15371 /* AppDelegate.swift in Sources */,
				86E60E3C2082C77D00228FE4 /* SwipeTableViewController.swift in Sources */,
				8645717720A229B600BCA30F /* GBTableViewCell.swift in Sources */,
				8649384E207EC6C00054C471 /* Category.swift in Sources */,
			);
			runOnlyForDeploymentPostprocessing = 0;
		};
/* End PBXSourcesBuildPhase section */

/* Begin PBXVariantGroup section */
		866256C020704A0C00E15371 /* Main.storyboard */ = {
			isa = PBXVariantGroup;
			children = (
				866256C120704A0C00E15371 /* Base */,
			);
			name = Main.storyboard;
			sourceTree = "<group>";
		};
		866256C520704A0C00E15371 /* LaunchScreen.storyboard */ = {
			isa = PBXVariantGroup;
			children = (
				866256C620704A0C00E15371 /* Base */,
			);
			name = LaunchScreen.storyboard;
			sourceTree = "<group>";
		};
/* End PBXVariantGroup section */

/* Begin XCBuildConfiguration section */
		866256C920704A0C00E15371 /* Debug */ = {
			isa = XCBuildConfiguration;
			buildSettings = {
				ALWAYS_SEARCH_USER_PATHS = NO;
				CLANG_ANALYZER_NONNULL = YES;
				CLANG_ANALYZER_NUMBER_OBJECT_CONVERSION = YES_AGGRESSIVE;
				CLANG_CXX_LANGUAGE_STANDARD = "gnu++14";
				CLANG_CXX_LIBRARY = "libc++";
				CLANG_ENABLE_MODULES = YES;
				CLANG_ENABLE_OBJC_ARC = YES;
				CLANG_WARN_BLOCK_CAPTURE_AUTORELEASING = YES;
				CLANG_WARN_BOOL_CONVERSION = YES;
				CLANG_WARN_COMMA = YES;
				CLANG_WARN_CONSTANT_CONVERSION = YES;
				CLANG_WARN_DIRECT_OBJC_ISA_USAGE = YES_ERROR;
				CLANG_WARN_DOCUMENTATION_COMMENTS = YES;
				CLANG_WARN_EMPTY_BODY = YES;
				CLANG_WARN_ENUM_CONVERSION = YES;
				CLANG_WARN_INFINITE_RECURSION = YES;
				CLANG_WARN_INT_CONVERSION = YES;
				CLANG_WARN_NON_LITERAL_NULL_CONVERSION = YES;
				CLANG_WARN_OBJC_LITERAL_CONVERSION = YES;
				CLANG_WARN_OBJC_ROOT_CLASS = YES_ERROR;
				CLANG_WARN_RANGE_LOOP_ANALYSIS = YES;
				CLANG_WARN_STRICT_PROTOTYPES = YES;
				CLANG_WARN_SUSPICIOUS_MOVE = YES;
				CLANG_WARN_UNGUARDED_AVAILABILITY = YES_AGGRESSIVE;
				CLANG_WARN_UNREACHABLE_CODE = YES;
				CLANG_WARN__DUPLICATE_METHOD_MATCH = YES;
				CODE_SIGN_IDENTITY = "iPhone Developer";
				COPY_PHASE_STRIP = NO;
				DEBUG_INFORMATION_FORMAT = dwarf;
				ENABLE_STRICT_OBJC_MSGSEND = YES;
				ENABLE_TESTABILITY = YES;
				GCC_C_LANGUAGE_STANDARD = gnu11;
				GCC_DYNAMIC_NO_PIC = NO;
				GCC_NO_COMMON_BLOCKS = YES;
				GCC_OPTIMIZATION_LEVEL = 0;
				GCC_PREPROCESSOR_DEFINITIONS = (
					"DEBUG=1",
					"$(inherited)",
				);
				GCC_WARN_64_TO_32_BIT_CONVERSION = YES;
				GCC_WARN_ABOUT_RETURN_TYPE = YES_ERROR;
				GCC_WARN_UNDECLARED_SELECTOR = YES;
				GCC_WARN_UNINITIALIZED_AUTOS = YES_AGGRESSIVE;
				GCC_WARN_UNUSED_FUNCTION = YES;
				GCC_WARN_UNUSED_VARIABLE = YES;
				IPHONEOS_DEPLOYMENT_TARGET = 11.1;
				MTL_ENABLE_DEBUG_INFO = YES;
				ONLY_ACTIVE_ARCH = YES;
				SDKROOT = iphoneos;
				SWIFT_ACTIVE_COMPILATION_CONDITIONS = DEBUG;
				SWIFT_OPTIMIZATION_LEVEL = "-Onone";
			};
			name = Debug;
		};
		866256CA20704A0C00E15371 /* Release */ = {
			isa = XCBuildConfiguration;
			buildSettings = {
				ALWAYS_SEARCH_USER_PATHS = NO;
				CLANG_ANALYZER_NONNULL = YES;
				CLANG_ANALYZER_NUMBER_OBJECT_CONVERSION = YES_AGGRESSIVE;
				CLANG_CXX_LANGUAGE_STANDARD = "gnu++14";
				CLANG_CXX_LIBRARY = "libc++";
				CLANG_ENABLE_MODULES = YES;
				CLANG_ENABLE_OBJC_ARC = YES;
				CLANG_WARN_BLOCK_CAPTURE_AUTORELEASING = YES;
				CLANG_WARN_BOOL_CONVERSION = YES;
				CLANG_WARN_COMMA = YES;
				CLANG_WARN_CONSTANT_CONVERSION = YES;
				CLANG_WARN_DIRECT_OBJC_ISA_USAGE = YES_ERROR;
				CLANG_WARN_DOCUMENTATION_COMMENTS = YES;
				CLANG_WARN_EMPTY_BODY = YES;
				CLANG_WARN_ENUM_CONVERSION = YES;
				CLANG_WARN_INFINITE_RECURSION = YES;
				CLANG_WARN_INT_CONVERSION = YES;
				CLANG_WARN_NON_LITERAL_NULL_CONVERSION = YES;
				CLANG_WARN_OBJC_LITERAL_CONVERSION = YES;
				CLANG_WARN_OBJC_ROOT_CLASS = YES_ERROR;
				CLANG_WARN_RANGE_LOOP_ANALYSIS = YES;
				CLANG_WARN_STRICT_PROTOTYPES = YES;
				CLANG_WARN_SUSPICIOUS_MOVE = YES;
				CLANG_WARN_UNGUARDED_AVAILABILITY = YES_AGGRESSIVE;
				CLANG_WARN_UNREACHABLE_CODE = YES;
				CLANG_WARN__DUPLICATE_METHOD_MATCH = YES;
				CODE_SIGN_IDENTITY = "iPhone Developer";
				COPY_PHASE_STRIP = NO;
				DEBUG_INFORMATION_FORMAT = "dwarf-with-dsym";
				ENABLE_NS_ASSERTIONS = NO;
				ENABLE_STRICT_OBJC_MSGSEND = YES;
				GCC_C_LANGUAGE_STANDARD = gnu11;
				GCC_NO_COMMON_BLOCKS = YES;
				GCC_WARN_64_TO_32_BIT_CONVERSION = YES;
				GCC_WARN_ABOUT_RETURN_TYPE = YES_ERROR;
				GCC_WARN_UNDECLARED_SELECTOR = YES;
				GCC_WARN_UNINITIALIZED_AUTOS = YES_AGGRESSIVE;
				GCC_WARN_UNUSED_FUNCTION = YES;
				GCC_WARN_UNUSED_VARIABLE = YES;
				IPHONEOS_DEPLOYMENT_TARGET = 11.1;
				MTL_ENABLE_DEBUG_INFO = NO;
				SDKROOT = iphoneos;
				SWIFT_OPTIMIZATION_LEVEL = "-Owholemodule";
				VALIDATE_PRODUCT = YES;
			};
			name = Release;
		};
		866256CC20704A0C00E15371 /* Debug */ = {
			isa = XCBuildConfiguration;
			baseConfigurationReference = 78FEDA4E252E38B764C2D0B1 /* Pods-Todoey.debug.xcconfig */;
			buildSettings = {
				ASSETCATALOG_COMPILER_APPICON_NAME = AppIcon;
				CODE_SIGN_STYLE = Automatic;
				DEVELOPMENT_TEAM = JJ2D2HE2JS;
				INFOPLIST_FILE = Todoey/Info.plist;
				LD_RUNPATH_SEARCH_PATHS = "$(inherited) @executable_path/Frameworks";
				PRODUCT_BUNDLE_IDENTIFIER = fremantlePS.Todoey;
				PRODUCT_NAME = "$(TARGET_NAME)";
				SWIFT_VERSION = 4.0;
				TARGETED_DEVICE_FAMILY = "1,2";
			};
			name = Debug;
		};
		866256CD20704A0C00E15371 /* Release */ = {
			isa = XCBuildConfiguration;
			baseConfigurationReference = 757C49824181B204189FB516 /* Pods-Todoey.release.xcconfig */;
			buildSettings = {
				ASSETCATALOG_COMPILER_APPICON_NAME = AppIcon;
				CODE_SIGN_STYLE = Automatic;
				DEVELOPMENT_TEAM = JJ2D2HE2JS;
				INFOPLIST_FILE = Todoey/Info.plist;
				LD_RUNPATH_SEARCH_PATHS = "$(inherited) @executable_path/Frameworks";
				PRODUCT_BUNDLE_IDENTIFIER = fremantlePS.Todoey;
				PRODUCT_NAME = "$(TARGET_NAME)";
				SWIFT_VERSION = 4.0;
				TARGETED_DEVICE_FAMILY = "1,2";
			};
			name = Release;
		};
/* End XCBuildConfiguration section */

/* Begin XCConfigurationList section */
		866256B420704A0B00E15371 /* Build configuration list for PBXProject "Todoey" */ = {
			isa = XCConfigurationList;
			buildConfigurations = (
				866256C920704A0C00E15371 /* Debug */,
				866256CA20704A0C00E15371 /* Release */,
			);
			defaultConfigurationIsVisible = 0;
			defaultConfigurationName = Release;
		};
		866256CB20704A0C00E15371 /* Build configuration list for PBXNativeTarget "Todoey" */ = {
			isa = XCConfigurationList;
			buildConfigurations = (
				866256CC20704A0C00E15371 /* Debug */,
				866256CD20704A0C00E15371 /* Release */,
			);
			defaultConfigurationIsVisible = 0;
			defaultConfigurationName = Release;
		};
/* End XCConfigurationList section */
	};
	rootObject = 866256B120704A0B00E15371 /* Project object */;
}
